github.com/hugomods/bootstrap v0.11.3 h1:+rT0tFf8DI11ja0swZc7pAzXsu0W7RoCGcBy/n0zaOQ=
github.com/hugomods/bootstrap v0.11.3/go.mod h1:NVii94xgqDocyD0+aAWamBLPJjNspfMynEdmIOXO3Vs=
github.com/hugomods/icons v0.6.0 h1:G6RU93okhPPRDh/jqcew9gwkcYpSpg0rCBv4S6yUAFw=
github.com/hugomods/icons v0.6.0/go.mod h1:cIkSvK6W0q6N4U6n9KGz+QfRWQXAW0INd+1P31gPNGg=
github.com/hugomods/icons v0.6.6 h1:gGlafcBDRP7sSID+tgLcWdog+s/QBj8DIfU+h9tZj1U=
github.com/hugomods/icons v0.6.6/go.mod h1:cIkSvK6W0q6N4U6n9KGz+QfRWQXAW0INd+1P31gPNGg=
github.com/hugomods/icons/vendors/bootstrap v0.5.9 h1:IlKsW1iybTNZLYnMipyc2d9w51rUtu89lPMkocGaP6c=
github.com/hugomods/icons/vendors/bootstrap v0.5.9/go.mod h1:DuB5N1o3GCUyvYFnEeBvJRBrCHqbMWEbjoEWVLULggw=
github.com/hugomods/icons/vendors/font-awesome v0.6.1 h1:MyYF67fPthN4EDkT/IwY0ydowxzE6J/oKFTltOCY2vY=
github.com/hugomods/icons/vendors/font-awesome v0.6.1/go.mod h1:kmMci4qX8yTQPT28sskzKRudJiQAAiZZugjNbkakRhk=
github.com/hugomods/icons/vendors/font-awesome v0.6.12 h1:I8ckJFuxr8mD8bJ4NX9NrmnHd3f6XvITuD2ME8a9wXc=
github.com/hugomods/icons/vendors/font-awesome v0.6.12/go.mod h1:6YBo/5GaNpAocKwnKNWcd9xkliiRJXmwz2mstY5lr9I=
github.com/hugomods/icons/vendors/simple-icons v1.0.14 h1:dGCOzmdWy1EzA90mqiSklPyFVmKMJ8VZfpi3LrxiKLQ=
github.com/hugomods/icons/vendors/simple-icons v1.0.14/go.mod h1:1CN0iptqBWzNBodMiduk0Pq5i/2fYQqaeNcCjyasDGE=
github.com/hugomods/icons/vendors/simple-icons v1.1.1 h1:ZM+Oi+U3glq+WuVMsoplkQpCnRLd6UU416NZCydtPvw=
github.com/hugomods/icons/vendors/simple-icons v1.1.1/go.mod h1:ZKdcZ++UGSRnEoaVL+MTth91x4NJRIe8aJOD8oAFcRA=
github.com/twbs/icons v1.11.1 h1:lMKkMwupTDfBJWXx6RFLwfYuCmqG/uUAu2LaOf7bZjU=
github.com/twbs/icons v1.11.1/go.mod h1:GnRlymgVWp5iVJCMa0Me5b6tFyGpVc2bSxPMRGIJmyA=
github.com/twbs/icons v1.11.3 h1:XhvrQ1XDom9ggBbQx3wQCFGEr8qAQwQP/dAcw8OXMtA=
github.com/twbs/icons v1.11.3/go.mod h1:GnRlymgVWp5iVJCMa0Me5b6tFyGpVc2bSxPMRGIJmyA=
